
Microsoft Visual Studio Solution File, Format Version 12.00
# Visual Studio 15
VisualStudioVersion = 15.0.28307.329
MinimumVisualStudioVersion = 10.0.40219.1
Project("{FAE04EC0-301F-11D3-BF4B-00C04F79EFBC}") = "D1_Piemeri", "D1_Piemeri\D1_Piemeri.csproj", "{285A77A0-6180-4648-82A7-10D26957AE01}"
EndProject
Project("{FAE04EC0-301F-11D3-BF4B-00C04F79EFBC}") = "D1_Uzdevumi", "D1_Uzdevumi\D1_Uzdevumi.csproj", "{9531D0D0-31DC-4E61-A4FE-DF785863AF7A}"
EndProject
Project("{FAE04EC0-301F-11D3-BF4B-00C04F79EFBC}") = "M1", "M1\M1.csproj", "{2EF02BD6-A9CF-4560-9D80-1CD274B28FF2}"
EndProject
Project("{FAE04EC0-301F-11D3-BF4B-00C04F79EFBC}") = "D2", "D2\D2.csproj", "{206A0C17-DCE0-4378-9E7A-08A4867946E8}"
EndProject
Project("{FAE04EC0-301F-11D3-BF4B-00C04F79EFBC}") = "D3_cikli", "D3_cikli\D3_cikli.csproj", "{35B455DC-C684-4B65-A40E-514B0DE3A51F}"
EndProject
Project("{FAE04EC0-301F-11D3-BF4B-00C04F79EFBC}") = "test1", "test1\test1.csproj", "{72449C58-FB91-417B-9B2E-451828867538}"
EndProject
Project("{FAE04EC0-301F-11D3-BF4B-00C04F79EFBC}") = "md5", "md5\md5.csproj", "{30BDBFDB-BFC4-464D-A511-45B64A82C41D}"
EndProject
Project("{FAE04EC0-301F-11D3-BF4B-00C04F79EFBC}") = "PD4", "PD4\PD4.csproj", "{3A39B619-1917-4DDF-80CD-FA02F7CA3885}"
EndProject
Project("{FAE04EC0-301F-11D3-BF4B-00C04F79EFBC}") = "PD1", "PD1\PD1.csproj", "{ECB43E91-CB90-476F-9DA5-107680F2860F}"
EndProject
Project("{FAE04EC0-301F-11D3-BF4B-00C04F79EFBC}") = "D6", "D6\D6.csproj", "{42992FD9-89B8-4649-862D-9447BD438693}"
EndProject
Global
	GlobalSection(SolutionConfigurationPlatforms) = preSolution
		Debug|Any CPU = Debug|Any CPU
		Release|Any CPU = Release|Any CPU
	EndGlobalSection
	GlobalSection(ProjectConfigurationPlatforms) = postSolution
		{285A77A0-6180-4648-82A7-10D26957AE01}.Debug|Any CPU.ActiveCfg = Debug|Any CPU
		{285A77A0-6180-4648-82A7-10D26957AE01}.Debug|Any CPU.Build.0 = Debug|Any CPU
		{285A77A0-6180-4648-82A7-10D26957AE01}.Release|Any CPU.ActiveCfg = Release|Any CPU
		{285A77A0-6180-4648-82A7-10D26957AE01}.Release|Any CPU.Build.0 = Release|Any CPU
		{9531D0D0-31DC-4E61-A4FE-DF785863AF7A}.Debug|Any CPU.ActiveCfg = Debug|Any CPU
		{9531D0D0-31DC-4E61-A4FE-DF785863AF7A}.Debug|Any CPU.Build.0 = Debug|Any CPU
		{9531D0D0-31DC-4E61-A4FE-DF785863AF7A}.Release|Any CPU.ActiveCfg = Release|Any CPU
		{9531D0D0-31DC-4E61-A4FE-DF785863AF7A}.Release|Any CPU.Build.0 = Release|Any CPU
		{2EF02BD6-A9CF-4560-9D80-1CD274B28FF2}.Debug|Any CPU.ActiveCfg = Debug|Any CPU
		{2EF02BD6-A9CF-4560-9D80-1CD274B28FF2}.Debug|Any CPU.Build.0 = Debug|Any CPU
		{2EF02BD6-A9CF-4560-9D80-1CD274B28FF2}.Release|Any CPU.ActiveCfg = Release|Any CPU
		{2EF02BD6-A9CF-4560-9D80-1CD274B28FF2}.Release|Any CPU.Build.0 = Release|Any CPU
		{206A0C17-DCE0-4378-9E7A-08A4867946E8}.Debug|Any CPU.ActiveCfg = Debug|Any CPU
		{206A0C17-DCE0-4378-9E7A-08A4867946E8}.Debug|Any CPU.Build.0 = Debug|Any CPU
		{206A0C17-DCE0-4378-9E7A-08A4867946E8}.Release|Any CPU.ActiveCfg = Release|Any CPU
		{206A0C17-DCE0-4378-9E7A-08A4867946E8}.Release|Any CPU.Build.0 = Release|Any CPU
		{35B455DC-C684-4B65-A40E-514B0DE3A51F}.Debug|Any CPU.ActiveCfg = Debug|Any CPU
		{35B455DC-C684-4B65-A40E-514B0DE3A51F}.Debug|Any CPU.Build.0 = Debug|Any CPU
		{35B455DC-C684-4B65-A40E-514B0DE3A51F}.Release|Any CPU.ActiveCfg = Release|Any CPU
		{35B455DC-C684-4B65-A40E-514B0DE3A51F}.Release|Any CPU.Build.0 = Release|Any CPU
		{72449C58-FB91-417B-9B2E-451828867538}.Debug|Any CPU.ActiveCfg = Debug|Any CPU
		{72449C58-FB91-417B-9B2E-451828867538}.Debug|Any CPU.Build.0 = Debug|Any CPU
		{72449C58-FB91-417B-9B2E-451828867538}.Release|Any CPU.ActiveCfg = Release|Any CPU
		{72449C58-FB91-417B-9B2E-451828867538}.Release|Any CPU.Build.0 = Release|Any CPU
		{30BDBFDB-BFC4-464D-A511-45B64A82C41D}.Debug|Any CPU.ActiveCfg = Debug|Any CPU
		{30BDBFDB-BFC4-464D-A511-45B64A82C41D}.Debug|Any CPU.Build.0 = Debug|Any CPU
		{30BDBFDB-BFC4-464D-A511-45B64A82C41D}.Release|Any CPU.ActiveCfg = Release|Any CPU
		{30BDBFDB-BFC4-464D-A511-45B64A82C41D}.Release|Any CPU.Build.0 = Release|Any CPU
		{3A39B619-1917-4DDF-80CD-FA02F7CA3885}.Debug|Any CPU.ActiveCfg = Debug|Any CPU
		{3A39B619-1917-4DDF-80CD-FA02F7CA3885}.Debug|Any CPU.Build.0 = Debug|Any CPU
		{3A39B619-1917-4DDF-80CD-FA02F7CA3885}.Release|Any CPU.ActiveCfg = Release|Any CPU
		{3A39B619-1917-4DDF-80CD-FA02F7CA3885}.Release|Any CPU.Build.0 = Release|Any CPU
		{ECB43E91-CB90-476F-9DA5-107680F2860F}.Debug|Any CPU.ActiveCfg = Debug|Any CPU
		{ECB43E91-CB90-476F-9DA5-107680F2860F}.Debug|Any CPU.Build.0 = Debug|Any CPU
		{ECB43E91-CB90-476F-9DA5-107680F2860F}.Release|Any CPU.ActiveCfg = Release|Any CPU
		{ECB43E91-CB90-476F-9DA5-107680F2860F}.Release|Any CPU.Build.0 = Release|Any CPU
		{42992FD9-89B8-4649-862D-9447BD438693}.Debug|Any CPU.ActiveCfg = Debug|Any CPU
		{42992FD9-89B8-4649-862D-9447BD438693}.Debug|Any CPU.Build.0 = Debug|Any CPU
		{42992FD9-89B8-4649-862D-9447BD438693}.Release|Any CPU.ActiveCfg = Release|Any CPU
		{42992FD9-89B8-4649-862D-9447BD438693}.Release|Any CPU.Build.0 = Release|Any CPU
	EndGlobalSection
	GlobalSection(SolutionProperties) = preSolution
		HideSolutionNode = FALSE
	EndGlobalSection
	GlobalSection(ExtensibilityGlobals) = postSolution
		SolutionGuid = {A02E6200-065B-4610-8B7D-83C836EF6C25}
	EndGlobalSection
EndGlobal
